
Microsoft Visual Studio Solution File, Format Version 12.00
# Visual Studio Version 16
VisualStudioVersion = 16.0.30717.126
MinimumVisualStudioVersion = 10.0.40219.1
Project("{FAE04EC0-301F-11D3-BF4B-00C04F79EFBC}") = "CS101-Odev", "CS101-Odev\CS101-Odev.csproj", "{13EFA100-3FCB-42F1-9335-B9CBCE064EA6}"
EndProject
Global
	GlobalSection(SolutionConfigurationPlatforms) = preSolution
		Debug|Any CPU = Debug|Any CPU
		Release|Any CPU = Release|Any CPU
	EndGlobalSection
	GlobalSection(ProjectConfigurationPlatforms) = postSolution
		{13EFA100-3FCB-42F1-9335-B9CBCE064EA6}.Debug|Any CPU.ActiveCfg = Debug|Any CPU
		{13EFA100-3FCB-42F1-9335-B9CBCE064EA6}.Debug|Any CPU.Build.0 = Debug|Any CPU
		{13EFA100-3FCB-42F1-9335-B9CBCE064EA6}.Release|Any CPU.ActiveCfg = Release|Any CPU
		{13EFA100-3FCB-42F1-9335-B9CBCE064EA6}.Release|Any CPU.Build.0 = Release|Any CPU
	EndGlobalSection
	GlobalSection(SolutionProperties) = preSolution
		HideSolutionNode = FALSE
	EndGlobalSection
	GlobalSection(ExtensibilityGlobals) = postSolution
		SolutionGuid = {9E87E7F9-048E-42B3-95BC-F1EECA4E3044}
	EndGlobalSection
EndGlobal
